
Microsoft Visual Studio Solution File, Format Version 12.00
# Visual Studio 15
VisualStudioVersion = 15.0.34112.143
MinimumVisualStudioVersion = 10.0.40219.1
Project("{FAE04EC0-301F-11D3-BF4B-00C04F79EFBC}") = "SimitCafe", "SimitCafe\SimitCafe.csproj", "{3522EB8E-6211-4208-94E7-1C040C3C7748}"
EndProject
Global
	GlobalSection(SolutionConfigurationPlatforms) = preSolution
		Debug|Any CPU = Debug|Any CPU
		Release|Any CPU = Release|Any CPU
	EndGlobalSection
	GlobalSection(ProjectConfigurationPlatforms) = postSolution
		{3522EB8E-6211-4208-94E7-1C040C3C7748}.Debug|Any CPU.ActiveCfg = Debug|Any CPU
		{3522EB8E-6211-4208-94E7-1C040C3C7748}.Debug|Any CPU.Build.0 = Debug|Any CPU
		{3522EB8E-6211-4208-94E7-1C040C3C7748}.Release|Any CPU.ActiveCfg = Release|Any CPU
		{3522EB8E-6211-4208-94E7-1C040C3C7748}.Release|Any CPU.Build.0 = Release|Any CPU
	EndGlobalSection
	GlobalSection(SolutionProperties) = preSolution
		HideSolutionNode = FALSE
	EndGlobalSection
	GlobalSection(ExtensibilityGlobals) = postSolution
		SolutionGuid = {AF2C5EC3-2435-4DE8-8768-A17CC158B150}
	EndGlobalSection
EndGlobal
